// !$*UTF8*$!
{
	archiveVersion = 1;
	classes = {
	};
	objectVersion = 77;
	objects = {

/* Begin PBXBuildFile section */
		0FE51AC62DD6D747005484A3 /* FirebaseAuth in Frameworks */ = {isa = PBXBuildFile; productRef = 0FE51AC52DD6D747005484A3 /* FirebaseAuth */; };
		0FE51AC82DD6D747005484A3 /* FirebaseDatabase in Frameworks */ = {isa = PBXBuildFile; productRef = 0FE51AC72DD6D747005484A3 /* FirebaseDatabase */; };
		0FE51ACA2DD6D747005484A3 /* FirebaseFirestore in Frameworks */ = {isa = PBXBuildFile; productRef = 0FE51AC92DD6D747005484A3 /* FirebaseFirestore */; };
		0FE51ACC2DD6D747005484A3 /* FirebaseMessaging in Frameworks */ = {isa = PBXBuildFile; productRef = 0FE51ACB2DD6D747005484A3 /* FirebaseMessaging */; };
		0FE51AD12DD761DA005484A3 /* CoreData.framework in Frameworks */ = {isa = PBXBuildFile; fileRef = 0FE51AD02DD761DA005484A3 /* CoreData.framework */; };
		0FE51ADE2DD86333005484A3 /* UserEntity+CoreDataClass.swift in Sources */ = {isa = PBXBuildFile; fileRef = 0FE51ADC2DD86333005484A3 /* UserEntity+CoreDataClass.swift */; };
		0FE51ADF2DD86333005484A3 /* UserEntity+CoreDataProperties.swift in Sources */ = {isa = PBXBuildFile; fileRef = 0FE51ADD2DD86333005484A3 /* UserEntity+CoreDataProperties.swift */; };
/* End PBXBuildFile section */

/* Begin PBXContainerItemProxy section */
		0FE51A972DD65C40005484A3 /* PBXContainerItemProxy */ = {
			isa = PBXContainerItemProxy;
			containerPortal = 0FE51A782DD65C3E005484A3 /* Project object */;
			proxyType = 1;
			remoteGlobalIDString = 0FE51A7F2DD65C3E005484A3;
			remoteInfo = LoginSignUPUIKit;
		};
		0FE51AA12DD65C40005484A3 /* PBXContainerItemProxy */ = {
			isa = PBXContainerItemProxy;
			containerPortal = 0FE51A782DD65C3E005484A3 /* Project object */;
			proxyType = 1;
			remoteGlobalIDString = 0FE51A7F2DD65C3E005484A3;
			remoteInfo = LoginSignUPUIKit;
		};
/* End PBXContainerItemProxy section */

/* Begin PBXFileReference section */
		0FE51A802DD65C3E005484A3 /* LoginSignUPUIKit.app */ = {isa = PBXFileReference; explicitFileType = wrapper.application; includeInIndex = 0; path = LoginSignUPUIKit.app; sourceTree = BUILT_PRODUCTS_DIR; };
		0FE51A962DD65C40005484A3 /* LoginSignUPUIKitTests.xctest */ = {isa = PBXFileReference; explicitFileType = wrapper.cfbundle; includeInIndex = 0; path = LoginSignUPUIKitTests.xctest; sourceTree = BUILT_PRODUCTS_DIR; };
		0FE51AA02DD65C40005484A3 /* LoginSignUPUIKitUITests.xctest */ = {isa = PBXFileReference; explicitFileType = wrapper.cfbundle; includeInIndex = 0; path = LoginSignUPUIKitUITests.xctest; sourceTree = BUILT_PRODUCTS_DIR; };
		0FE51AD02DD761DA005484A3 /* CoreData.framework */ = {isa = PBXFileReference; lastKnownFileType = wrapper.framework; name = CoreData.framework; path = System/Library/Frameworks/CoreData.framework; sourceTree = SDKROOT; };
		0FE51ADC2DD86333005484A3 /* UserEntity+CoreDataClass.swift */ = {isa = PBXFileReference; lastKnownFileType = sourcecode.swift; path = "UserEntity+CoreDataClass.swift"; sourceTree = "<group>"; };
		0FE51ADD2DD86333005484A3 /* UserEntity+CoreDataProperties.swift */ = {isa = PBXFileReference; lastKnownFileType = sourcecode.swift; path = "UserEntity+CoreDataProperties.swift"; sourceTree = "<group>"; };
/* End PBXFileReference section */

/* Begin PBXFileSystemSynchronizedBuildFileExceptionSet section */
		0FE51AA82DD65C40005484A3 /* Exceptions for "LoginSignUPUIKit" folder in "LoginSignUPUIKit" target */ = {
			isa = PBXFileSystemSynchronizedBuildFileExceptionSet;
			membershipExceptions = (
				Info.plist,
			);
			target = 0FE51A7F2DD65C3E005484A3 /* LoginSignUPUIKit */;
		};
/* End PBXFileSystemSynchronizedBuildFileExceptionSet section */

/* Begin PBXFileSystemSynchronizedRootGroup section */
		0FE51A822DD65C3E005484A3 /* LoginSignUPUIKit */ = {
			isa = PBXFileSystemSynchronizedRootGroup;
			exceptions = (
				0FE51AA82DD65C40005484A3 /* Exceptions for "LoginSignUPUIKit" folder in "LoginSignUPUIKit" target */,
			);
			path = LoginSignUPUIKit;
			sourceTree = "<group>";
		};
		0FE51A992DD65C40005484A3 /* LoginSignUPUIKitTests */ = {
			isa = PBXFileSystemSynchronizedRootGroup;
			path = LoginSignUPUIKitTests;
			sourceTree = "<group>";
		};
		0FE51AA32DD65C40005484A3 /* LoginSignUPUIKitUITests */ = {
			isa = PBXFileSystemSynchronizedRootGroup;
			path = LoginSignUPUIKitUITests;
			sourceTree = "<group>";
		};
/* End PBXFileSystemSynchronizedRootGroup section */

/* Begin PBXFrameworksBuildPhase section */
		0FE51A7D2DD65C3E005484A3 /* Frameworks */ = {
			isa = PBXFrameworksBuildPhase;
			buildActionMask = 2147483647;
			files = (
				0FE51AD12DD761DA005484A3 /* CoreData.framework in Frameworks */,
				0FE51ACC2DD6D747005484A3 /* FirebaseMessaging in Frameworks */,
				0FE51AC82DD6D747005484A3 /* FirebaseDatabase in Frameworks */,
				0FE51AC62DD6D747005484A3 /* FirebaseAuth in Frameworks */,
				0FE51ACA2DD6D747005484A3 /* FirebaseFirestore in Frameworks */,
			);
			runOnlyForDeploymentPostprocessing = 0;
		};
		0FE51A932DD65C40005484A3 /* Frameworks */ = {
			isa = PBXFrameworksBuildPhase;
			buildActionMask = 2147483647;
			files = (
			);
			runOnlyForDeploymentPostprocessing = 0;
		};
		0FE51A9D2DD65C40005484A3 /* Frameworks */ = {
			isa = PBXFrameworksBuildPhase;
			buildActionMask = 2147483647;
			files = (
			);
			runOnlyForDeploymentPostprocessing = 0;
		};
/* End PBXFrameworksBuildPhase section */

/* Begin PBXGroup section */
		0FE51A772DD65C3E005484A3 = {
			isa = PBXGroup;
			children = (
				0FE51ADC2DD86333005484A3 /* UserEntity+CoreDataClass.swift */,
				0FE51ADD2DD86333005484A3 /* UserEntity+CoreDataProperties.swift */,
				0FE51A822DD65C3E005484A3 /* LoginSignUPUIKit */,
				0FE51A992DD65C40005484A3 /* LoginSignUPUIKitTests */,
				0FE51AA32DD65C40005484A3 /* LoginSignUPUIKitUITests */,
				0FE51ACF2DD761D9005484A3 /* Frameworks */,
				0FE51A812DD65C3E005484A3 /* Products */,
			);
			sourceTree = "<group>";
		};
		0FE51A812DD65C3E005484A3 /* Products */ = {
			isa = PBXGroup;
			children = (
				0FE51A802DD65C3E005484A3 /* LoginSignUPUIKit.app */,
				0FE51A962DD65C40005484A3 /* LoginSignUPUIKitTests.xctest */,
				0FE51AA02DD65C40005484A3 /* LoginSignUPUIKitUITests.xctest */,
			);
			name = Products;
			sourceTree = "<group>";
		};
		0FE51ACF2DD761D9005484A3 /* Frameworks */ = {
			isa = PBXGroup;
			children = (
				0FE51AD02DD761DA005484A3 /* CoreData.framework */,
			);
			name = Frameworks;
			sourceTree = "<group>";
		};
/* End PBXGroup section */

/* Begin PBXNativeTarget section */
		0FE51A7F2DD65C3E005484A3 /* LoginSignUPUIKit */ = {
			isa = PBXNativeTarget;
			buildConfigurationList = 0FE51AA92DD65C40005484A3 /* Build configuration list for PBXNativeTarget "LoginSignUPUIKit" */;
			buildPhases = (
				0FE51A7C2DD65C3E005484A3 /* Sources */,
				0FE51A7D2DD65C3E005484A3 /* Frameworks */,
				0FE51A7E2DD65C3E005484A3 /* Resources */,
			);
			buildRules = (
			);
			dependencies = (
			);
			fileSystemSynchronizedGroups = (
				0FE51A822DD65C3E005484A3 /* LoginSignUPUIKit */,
			);
			name = LoginSignUPUIKit;
			packageProductDependencies = (
				0FE51AC52DD6D747005484A3 /* FirebaseAuth */,
				0FE51AC72DD6D747005484A3 /* FirebaseDatabase */,
				0FE51AC92DD6D747005484A3 /* FirebaseFirestore */,
				0FE51ACB2DD6D747005484A3 /* FirebaseMessaging */,
			);
			productName = LoginSignUPUIKit;
			productReference = 0FE51A802DD65C3E005484A3 /* LoginSignUPUIKit.app */;
			productType = "com.apple.product-type.application";
		};
		0FE51A952DD65C40005484A3 /* LoginSignUPUIKitTests */ = {
			isa = PBXNativeTarget;
			buildConfigurationList = 0FE51AAE2DD65C40005484A3 /* Build configuration list for PBXNativeTarget "LoginSignUPUIKitTests" */;
			buildPhases = (
				0FE51A922DD65C40005484A3 /* Sources */,
				0FE51A932DD65C40005484A3 /* Frameworks */,
				0FE51A942DD65C40005484A3 /* Resources */,
			);
			buildRules = (
			);
			dependencies = (
				0FE51A982DD65C40005484A3 /* PBXTargetDependency */,
			);
			fileSystemSynchronizedGroups = (
				0FE51A992DD65C40005484A3 /* LoginSignUPUIKitTests */,
			);
			name = LoginSignUPUIKitTests;
			packageProductDependencies = (
			);
			productName = LoginSignUPUIKitTests;
			productReference = 0FE51A962DD65C40005484A3 /* LoginSignUPUIKitTests.xctest */;
			productType = "com.apple.product-type.bundle.unit-test";
		};
		0FE51A9F2DD65C40005484A3 /* LoginSignUPUIKitUITests */ = {
			isa = PBXNativeTarget;
			buildConfigurationList = 0FE51AB12DD65C40005484A3 /* Build configuration list for PBXNativeTarget "LoginSignUPUIKitUITests" */;
			buildPhases = (
				0FE51A9C2DD65C40005484A3 /* Sources */,
				0FE51A9D2DD65C40005484A3 /* Frameworks */,
				0FE51A9E2DD65C40005484A3 /* Resources */,
			);
			buildRules = (
			);
			dependencies = (
				0FE51AA22DD65C40005484A3 /* PBXTargetDependency */,
			);
			fileSystemSynchronizedGroups = (
				0FE51AA32DD65C40005484A3 /* LoginSignUPUIKitUITests */,
			);
			name = LoginSignUPUIKitUITests;
			packageProductDependencies = (
			);
			productName = LoginSignUPUIKitUITests;
			productReference = 0FE51AA02DD65C40005484A3 /* LoginSignUPUIKitUITests.xctest */;
			productType = "com.apple.product-type.bundle.ui-testing";
		};
/* End PBXNativeTarget section */

/* Begin PBXProject section */
		0FE51A782DD65C3E005484A3 /* Project object */ = {
			isa = PBXProject;
			attributes = {
				BuildIndependentTargetsInParallel = 1;
				LastSwiftUpdateCheck = 1630;
				LastUpgradeCheck = 1630;
				TargetAttributes = {
					0FE51A7F2DD65C3E005484A3 = {
						CreatedOnToolsVersion = 16.3;
					};
					0FE51A952DD65C40005484A3 = {
						CreatedOnToolsVersion = 16.3;
						TestTargetID = 0FE51A7F2DD65C3E005484A3;
					};
					0FE51A9F2DD65C40005484A3 = {
						CreatedOnToolsVersion = 16.3;
						TestTargetID = 0FE51A7F2DD65C3E005484A3;
					};
				};
			};
			buildConfigurationList = 0FE51A7B2DD65C3E005484A3 /* Build configuration list for PBXProject "LoginSignUPUIKit" */;
			developmentRegion = en;
			hasScannedForEncodings = 0;
			knownRegions = (
				en,
				Base,
			);
			mainGroup = 0FE51A772DD65C3E005484A3;
			minimizedProjectReferenceProxies = 1;
			packageReferences = (
				0FE51AC42DD6D747005484A3 /* XCRemoteSwiftPackageReference "firebase-ios-sdk" */,
			);
			preferredProjectObjectVersion = 77;
			productRefGroup = 0FE51A812DD65C3E005484A3 /* Products */;
			projectDirPath = "";
			projectRoot = "";
			targets = (
				0FE51A7F2DD65C3E005484A3 /* LoginSignUPUIKit */,
				0FE51A952DD65C40005484A3 /* LoginSignUPUIKitTests */,
				0FE51A9F2DD65C40005484A3 /* LoginSignUPUIKitUITests */,
			);
		};
/* End PBXProject section */

/* Begin PBXResourcesBuildPhase section */
		0FE51A7E2DD65C3E005484A3 /* Resources */ = {
			isa = PBXResourcesBuildPhase;
			buildActionMask = 2147483647;
			files = (
			);
			runOnlyForDeploymentPostprocessing = 0;
		};
		0FE51A942DD65C40005484A3 /* Resources */ = {
			isa = PBXResourcesBuildPhase;
			buildActionMask = 2147483647;
			files = (
			);
			runOnlyForDeploymentPostprocessing = 0;
		};
		0FE51A9E2DD65C40005484A3 /* Resources */ = {
			isa = PBXResourcesBuildPhase;
			buildActionMask = 2147483647;
			files = (
			);
			runOnlyForDeploymentPostprocessing = 0;
		};
/* End PBXResourcesBuildPhase section */

/* Begin PBXSourcesBuildPhase section */
		0FE51A7C2DD65C3E005484A3 /* Sources */ = {
			isa = PBXSourcesBuildPhase;
			buildActionMask = 2147483647;
			files = (
				0FE51ADE2DD86333005484A3 /* UserEntity+CoreDataClass.swift in Sources */,
				0FE51ADF2DD86333005484A3 /* UserEntity+CoreDataProperties.swift in Sources */,
			);
			runOnlyForDeploymentPostprocessing = 0;
		};
		0FE51A922DD65C40005484A3 /* Sources */ = {
			isa = PBXSourcesBuildPhase;
			buildActionMask = 2147483647;
			files = (
			);
			runOnlyForDeploymentPostprocessing = 0;
		};
		0FE51A9C2DD65C40005484A3 /* Sources */ = {
			isa = PBXSourcesBuildPhase;
			buildActionMask = 2147483647;
			files = (
			);
			runOnlyForDeploymentPostprocessing = 0;
		};
/* End PBXSourcesBuildPhase section */

/* Begin PBXTargetDependency section */
		0FE51A982DD65C40005484A3 /* PBXTargetDependency */ = {
			isa = PBXTargetDependency;
			target = 0FE51A7F2DD65C3E005484A3 /* LoginSignUPUIKit */;
			targetProxy = 0FE51A972DD65C40005484A3 /* PBXContainerItemProxy */;
		};
		0FE51AA22DD65C40005484A3 /* PBXTargetDependency */ = {
			isa = PBXTargetDependency;
			target = 0FE51A7F2DD65C3E005484A3 /* LoginSignUPUIKit */;
			targetProxy = 0FE51AA12DD65C40005484A3 /* PBXContainerItemProxy */;
		};
/* End PBXTargetDependency section */

/* Begin XCBuildConfiguration section */
		0FE51AAA2DD65C40005484A3 /* Debug */ = {
			isa = XCBuildConfiguration;
			buildSettings = {
				ASSETCATALOG_COMPILER_APPICON_NAME = AppIcon;
				ASSETCATALOG_COMPILER_GLOBAL_ACCENT_COLOR_NAME = AccentColor;
				CODE_SIGN_STYLE = Automatic;
				CURRENT_PROJECT_VERSION = 1;
				DEVELOPMENT_TEAM = 72JD9HZ2BB;
				GENERATE_INFOPLIST_FILE = YES;
				INFOPLIST_FILE = LoginSignUPUIKit/Info.plist;
				INFOPLIST_KEY_UIApplicationSupportsIndirectInputEvents = YES;
				INFOPLIST_KEY_UILaunchStoryboardName = LaunchScreen;
				INFOPLIST_KEY_UISupportedInterfaceOrientations_iPad = "UIInterfaceOrientationPortrait UIInterfaceOrientationPortraitUpsideDown UIInterfaceOrientationLandscapeLeft UIInterfaceOrientationLandscapeRight";
				INFOPLIST_KEY_UISupportedInterfaceOrientations_iPhone = "UIInterfaceOrientationPortrait UIInterfaceOrientationLandscapeLeft UIInterfaceOrientationLandscapeRight";
				LD_RUNPATH_SEARCH_PATHS = (
					"$(inherited)",
					"@executable_path/Frameworks",
				);
				MARKETING_VERSION = 1.0;
				PRODUCT_BUNDLE_IDENTIFIER = com.project.LoginSignUPUIKit;
				PRODUCT_NAME = "$(TARGET_NAME)";
				SWIFT_EMIT_LOC_STRINGS = YES;
				SWIFT_VERSION = 5.0;
				TARGETED_DEVICE_FAMILY = "1,2";
			};
			name = Debug;
		};
		0FE51AAB2DD65C40005484A3 /* Release */ = {
			isa = XCBuildConfiguration;
			buildSettings = {
				ASSETCATALOG_COMPILER_APPICON_NAME = AppIcon;
				ASSETCATALOG_COMPILER_GLOBAL_ACCENT_COLOR_NAME = AccentColor;
				CODE_SIGN_STYLE = Automatic;
				CURRENT_PROJECT_VERSION = 1;
				DEVELOPMENT_TEAM = 72JD9HZ2BB;
				GENERATE_INFOPLIST_FILE = YES;
				INFOPLIST_FILE = LoginSignUPUIKit/Info.plist;
				INFOPLIST_KEY_UIApplicationSupportsIndirectInputEvents = YES;
				INFOPLIST_KEY_UILaunchStoryboardName = LaunchScreen;
				INFOPLIST_KEY_UISupportedInterfaceOrientations_iPad = "UIInterfaceOrientationPortrait UIInterfaceOrientationPortraitUpsideDown UIInterfaceOrientationLandscapeLeft UIInterfaceOrientationLandscapeRight";
				INFOPLIST_KEY_UISupportedInterfaceOrientations_iPhone = "UIInterfaceOrientationPortrait UIInterfaceOrientationLandscapeLeft UIInterfaceOrientationLandscapeRight";
				LD_RUNPATH_SEARCH_PATHS = (
					"$(inherited)",
					"@executable_path/Frameworks",
				);
				MARKETING_VERSION = 1.0;
				PRODUCT_BUNDLE_IDENTIFIER = com.project.LoginSignUPUIKit;
				PRODUCT_NAME = "$(TARGET_NAME)";
				SWIFT_EMIT_LOC_STRINGS = YES;
				SWIFT_VERSION = 5.0;
				TARGETED_DEVICE_FAMILY = "1,2";
			};
			name = Release;
		};
		0FE51AAC2DD65C40005484A3 /* Debug */ = {
			isa = XCBuildConfiguration;
			buildSettings = {
				ALWAYS_SEARCH_USER_PATHS = NO;
				ASSETCATALOG_COMPILER_GENERATE_SWIFT_ASSET_SYMBOL_EXTENSIONS = YES;
				CLANG_ANALYZER_NONNULL = YES;
				CLANG_ANALYZER_NUMBER_OBJECT_CONVERSION = YES_AGGRESSIVE;
				CLANG_CXX_LANGUAGE_STANDARD = "gnu++20";
				CLANG_ENABLE_MODULES = YES;
				CLANG_ENABLE_OBJC_ARC = YES;
				CLANG_ENABLE_OBJC_WEAK = YES;
				CLANG_WARN_BLOCK_CAPTURE_AUTORELEASING = YES;
				CLANG_WARN_BOOL_CONVERSION = YES;
				CLANG_WARN_COMMA = YES;
				CLANG_WARN_CONSTANT_CONVERSION = YES;
				CLANG_WARN_DEPRECATED_OBJC_IMPLEMENTATIONS = YES;
				CLANG_WARN_DIRECT_OBJC_ISA_USAGE = YES_ERROR;
				CLANG_WARN_DOCUMENTATION_COMMENTS = YES;
				CLANG_WARN_EMPTY_BODY = YES;
				CLANG_WARN_ENUM_CONVERSION = YES;
				CLANG_WARN_INFINITE_RECURSION = YES;
				CLANG_WARN_INT_CONVERSION = YES;
				CLANG_WARN_NON_LITERAL_NULL_CONVERSION = YES;
				CLANG_WARN_OBJC_IMPLICIT_RETAIN_SELF = YES;
				CLANG_WARN_OBJC_LITERAL_CONVERSION = YES;
				CLANG_WARN_OBJC_ROOT_CLASS = YES_ERROR;
				CLANG_WARN_QUOTED_INCLUDE_IN_FRAMEWORK_HEADER = YES;
				CLANG_WARN_RANGE_LOOP_ANALYSIS = YES;
				CLANG_WARN_STRICT_PROTOTYPES = YES;
				CLANG_WARN_SUSPICIOUS_MOVE = YES;
				CLANG_WARN_UNGUARDED_AVAILABILITY = YES_AGGRESSIVE;
				CLANG_WARN_UNREACHABLE_CODE = YES;
				CLANG_WARN__DUPLICATE_METHOD_MATCH = YES;
				COPY_PHASE_STRIP = NO;
				DEBUG_INFORMATION_FORMAT = dwarf;
				DEVELOPMENT_TEAM = 72JD9HZ2BB;
				ENABLE_STRICT_OBJC_MSGSEND = YES;
				ENABLE_TESTABILITY = YES;
				ENABLE_USER_SCRIPT_SANDBOXING = YES;
				GCC_C_LANGUAGE_STANDARD = gnu17;
				GCC_DYNAMIC_NO_PIC = NO;
				GCC_NO_COMMON_BLOCKS = YES;
				GCC_OPTIMIZATION_LEVEL = 0;
				GCC_PREPROCESSOR_DEFINITIONS = (
					"DEBUG=1",
					"$(inherited)",
				);
				GCC_WARN_64_TO_32_BIT_CONVERSION = YES;
				GCC_WARN_ABOUT_RETURN_TYPE = YES_ERROR;
				GCC_WARN_UNDECLARED_SELECTOR = YES;
				GCC_WARN_UNINITIALIZED_AUTOS = YES_AGGRESSIVE;
				GCC_WARN_UNUSED_FUNCTION = YES;
				GCC_WARN_UNUSED_VARIABLE = YES;
				IPHONEOS_DEPLOYMENT_TARGET = 18.4;
				LOCALIZATION_PREFERS_STRING_CATALOGS = YES;
				MTL_ENABLE_DEBUG_INFO = INCLUDE_SOURCE;
				MTL_FAST_MATH = YES;
				ONLY_ACTIVE_ARCH = YES;
				SDKROOT = iphoneos;
				SWIFT_ACTIVE_COMPILATION_CONDITIONS = "DEBUG $(inherited)";
				SWIFT_OPTIMIZATION_LEVEL = "-Onone";
			};
			name = Debug;
		};
		0FE51AAD2DD65C40005484A3 /* Release */ = {
			isa = XCBuildConfiguration;
			buildSettings = {
				ALWAYS_SEARCH_USER_PATHS = NO;
				ASSETCATALOG_COMPILER_GENERATE_SWIFT_ASSET_SYMBOL_EXTENSIONS = YES;
				CLANG_ANALYZER_NONNULL = YES;
				CLANG_ANALYZER_NUMBER_OBJECT_CONVERSION = YES_AGGRESSIVE;
				CLANG_CXX_LANGUAGE_STANDARD = "gnu++20";
				CLANG_ENABLE_MODULES = YES;
				CLANG_ENABLE_OBJC_ARC = YES;
				CLANG_ENABLE_OBJC_WEAK = YES;
				CLANG_WARN_BLOCK_CAPTURE_AUTORELEASING = YES;
				CLANG_WARN_BOOL_CONVERSION = YES;
				CLANG_WARN_COMMA = YES;
				CLANG_WARN_CONSTANT_CONVERSION = YES;
				CLANG_WARN_DEPRECATED_OBJC_IMPLEMENTATIONS = YES;
				CLANG_WARN_DIRECT_OBJC_ISA_USAGE = YES_ERROR;
				CLANG_WARN_DOCUMENTATION_COMMENTS = YES;
				CLANG_WARN_EMPTY_BODY = YES;
				CLANG_WARN_ENUM_CONVERSION = YES;
				CLANG_WARN_INFINITE_RECURSION = YES;
				CLANG_WARN_INT_CONVERSION = YES;
				CLANG_WARN_NON_LITERAL_NULL_CONVERSION = YES;
				CLANG_WARN_OBJC_IMPLICIT_RETAIN_SELF = YES;
				CLANG_WARN_OBJC_LITERAL_CONVERSION = YES;
				CLANG_WARN_OBJC_ROOT_CLASS = YES_ERROR;
				CLANG_WARN_QUOTED_INCLUDE_IN_FRAMEWORK_HEADER = YES;
				CLANG_WARN_RANGE_LOOP_ANALYSIS = YES;
				CLANG_WARN_STRICT_PROTOTYPES = YES;
				CLANG_WARN_SUSPICIOUS_MOVE = YES;
				CLANG_WARN_UNGUARDED_AVAILABILITY = YES_AGGRESSIVE;
				CLANG_WARN_UNREACHABLE_CODE = YES;
				CLANG_WARN__DUPLICATE_METHOD_MATCH = YES;
				COPY_PHASE_STRIP = NO;
				DEBUG_INFORMATION_FORMAT = "dwarf-with-dsym";
				DEVELOPMENT_TEAM = 72JD9HZ2BB;
				ENABLE_NS_ASSERTIONS = NO;
				ENABLE_STRICT_OBJC_MSGSEND = YES;
				ENABLE_USER_SCRIPT_SANDBOXING = YES;
				GCC_C_LANGUAGE_STANDARD = gnu17;
				GCC_NO_COMMON_BLOCKS = YES;
				GCC_WARN_64_TO_32_BIT_CONVERSION = YES;
				GCC_WARN_ABOUT_RETURN_TYPE = YES_ERROR;
				GCC_WARN_UNDECLARED_SELECTOR = YES;
				GCC_WARN_UNINITIALIZED_AUTOS = YES_AGGRESSIVE;
				GCC_WARN_UNUSED_FUNCTION = YES;
				GCC_WARN_UNUSED_VARIABLE = YES;
				IPHONEOS_DEPLOYMENT_TARGET = 18.4;
				LOCALIZATION_PREFERS_STRING_CATALOGS = YES;
				MTL_ENABLE_DEBUG_INFO = NO;
				MTL_FAST_MATH = YES;
				SDKROOT = iphoneos;
				SWIFT_COMPILATION_MODE = wholemodule;
				VALIDATE_PRODUCT = YES;
			};
			name = Release;
		};
		0FE51AAF2DD65C40005484A3 /* Debug */ = {
			isa = XCBuildConfiguration;
			buildSettings = {
				BUNDLE_LOADER = "$(TEST_HOST)";
				CODE_SIGN_STYLE = Automatic;
				CURRENT_PROJECT_VERSION = 1;
				DEVELOPMENT_TEAM = 72JD9HZ2BB;
				GENERATE_INFOPLIST_FILE = YES;
				IPHONEOS_DEPLOYMENT_TARGET = 18.4;
				MARKETING_VERSION = 1.0;
				PRODUCT_BUNDLE_IDENTIFIER = com.project.LoginSignUPUIKitTests;
				PRODUCT_NAME = "$(TARGET_NAME)";
				SWIFT_EMIT_LOC_STRINGS = NO;
				SWIFT_VERSION = 5.0;
				TARGETED_DEVICE_FAMILY = "1,2";
				TEST_HOST = "$(BUILT_PRODUCTS_DIR)/LoginSignUPUIKit.app/$(BUNDLE_EXECUTABLE_FOLDER_PATH)/LoginSignUPUIKit";
			};
			name = Debug;
		};
		0FE51AB02DD65C40005484A3 /* Release */ = {
			isa = XCBuildConfiguration;
			buildSettings = {
				BUNDLE_LOADER = "$(TEST_HOST)";
				CODE_SIGN_STYLE = Automatic;
				CURRENT_PROJECT_VERSION = 1;
				DEVELOPMENT_TEAM = 72JD9HZ2BB;
				GENERATE_INFOPLIST_FILE = YES;
				IPHONEOS_DEPLOYMENT_TARGET = 18.4;
				MARKETING_VERSION = 1.0;
				PRODUCT_BUNDLE_IDENTIFIER = com.project.LoginSignUPUIKitTests;
				PRODUCT_NAME = "$(TARGET_NAME)";
				SWIFT_EMIT_LOC_STRINGS = NO;
				SWIFT_VERSION = 5.0;
				TARGETED_DEVICE_FAMILY = "1,2";
				TEST_HOST = "$(BUILT_PRODUCTS_DIR)/LoginSignUPUIKit.app/$(BUNDLE_EXECUTABLE_FOLDER_PATH)/LoginSignUPUIKit";
			};
			name = Release;
		};
		0FE51AB22DD65C40005484A3 /* Debug */ = {
			isa = XCBuildConfiguration;
			buildSettings = {
				CODE_SIGN_STYLE = Automatic;
				CURRENT_PROJECT_VERSION = 1;
				DEVELOPMENT_TEAM = 72JD9HZ2BB;
				GENERATE_INFOPLIST_FILE = YES;
				MARKETING_VERSION = 1.0;
				PRODUCT_BUNDLE_IDENTIFIER = com.project.LoginSignUPUIKitUITests;
				PRODUCT_NAME = "$(TARGET_NAME)";
				SWIFT_EMIT_LOC_STRINGS = NO;
				SWIFT_VERSION = 5.0;
				TARGETED_DEVICE_FAMILY = "1,2";
				TEST_TARGET_NAME = LoginSignUPUIKit;
			};
			name = Debug;
		};
		0FE51AB32DD65C40005484A3 /* Release */ = {
			isa = XCBuildConfiguration;
			buildSettings = {
				CODE_SIGN_STYLE = Automatic;
				CURRENT_PROJECT_VERSION = 1;
				DEVELOPMENT_TEAM = 72JD9HZ2BB;
				GENERATE_INFOPLIST_FILE = YES;
				MARKETING_VERSION = 1.0;
				PRODUCT_BUNDLE_IDENTIFIER = com.project.LoginSignUPUIKitUITests;
				PRODUCT_NAME = "$(TARGET_NAME)";
				SWIFT_EMIT_LOC_STRINGS = NO;
				SWIFT_VERSION = 5.0;
				TARGETED_DEVICE_FAMILY = "1,2";
				TEST_TARGET_NAME = LoginSignUPUIKit;
			};
			name = Release;
		};
/* End XCBuildConfiguration section */

/* Begin XCConfigurationList section */
		0FE51A7B2DD65C3E005484A3 /* Build configuration list for PBXProject "LoginSignUPUIKit" */ = {
			isa = XCConfigurationList;
			buildConfigurations = (
				0FE51AAC2DD65C40005484A3 /* Debug */,
				0FE51AAD2DD65C40005484A3 /* Release */,
			);
			defaultConfigurationIsVisible = 0;
			defaultConfigurationName = Release;
		};
		0FE51AA92DD65C40005484A3 /* Build configuration list for PBXNativeTarget "LoginSignUPUIKit" */ = {
			isa = XCConfigurationList;
			buildConfigurations = (
				0FE51AAA2DD65C40005484A3 /* Debug */,
				0FE51AAB2DD65C40005484A3 /* Release */,
			);
			defaultConfigurationIsVisible = 0;
			defaultConfigurationName = Release;
		};
		0FE51AAE2DD65C40005484A3 /* Build configuration list for PBXNativeTarget "LoginSignUPUIKitTests" */ = {
			isa = XCConfigurationList;
			buildConfigurations = (
				0FE51AAF2DD65C40005484A3 /* Debug */,
				0FE51AB02DD65C40005484A3 /* Release */,
			);
			defaultConfigurationIsVisible = 0;
			defaultConfigurationName = Release;
		};
		0FE51AB12DD65C40005484A3 /* Build configuration list for PBXNativeTarget "LoginSignUPUIKitUITests" */ = {
			isa = XCConfigurationList;
			buildConfigurations = (
				0FE51AB22DD65C40005484A3 /* Debug */,
				0FE51AB32DD65C40005484A3 /* Release */,
			);
			defaultConfigurationIsVisible = 0;
			defaultConfigurationName = Release;
		};
/* End XCConfigurationList section */

/* Begin XCRemoteSwiftPackageReference section */
		0FE51AC42DD6D747005484A3 /* XCRemoteSwiftPackageReference "firebase-ios-sdk" */ = {
			isa = XCRemoteSwiftPackageReference;
			repositoryURL = "https://github.com/firebase/firebase-ios-sdk.git";
			requirement = {
				kind = upToNextMajorVersion;
				minimumVersion = 11.12.0;
			};
		};
/* End XCRemoteSwiftPackageReference section */

/* Begin XCSwiftPackageProductDependency section */
		0FE51AC52DD6D747005484A3 /* FirebaseAuth */ = {
			isa = XCSwiftPackageProductDependency;
			package = 0FE51AC42DD6D747005484A3 /* XCRemoteSwiftPackageReference "firebase-ios-sdk" */;
			productName = FirebaseAuth;
		};
		0FE51AC72DD6D747005484A3 /* FirebaseDatabase */ = {
			isa = XCSwiftPackageProductDependency;
			package = 0FE51AC42DD6D747005484A3 /* XCRemoteSwiftPackageReference "firebase-ios-sdk" */;
			productName = FirebaseDatabase;
		};
		0FE51AC92DD6D747005484A3 /* FirebaseFirestore */ = {
			isa = XCSwiftPackageProductDependency;
			package = 0FE51AC42DD6D747005484A3 /* XCRemoteSwiftPackageReference "firebase-ios-sdk" */;
			productName = FirebaseFirestore;
		};
		0FE51ACB2DD6D747005484A3 /* FirebaseMessaging */ = {
			isa = XCSwiftPackageProductDependency;
			package = 0FE51AC42DD6D747005484A3 /* XCRemoteSwiftPackageReference "firebase-ios-sdk" */;
			productName = FirebaseMessaging;
		};
/* End XCSwiftPackageProductDependency section */
	};
	rootObject = 0FE51A782DD65C3E005484A3 /* Project object */;
}
